{
  "requires": true,
  "lockfileVersion": 1,
  "dependencies": {
    "@babel/runtime": {
      "version": "7.12.1",
      "resolved": "https://registry.npmjs.org/@babel/runtime/-/runtime-7.12.1.tgz",
      "integrity": "sha512-J5AIf3vPj3UwXaAzb5j1xM4WAQDX3EMgemF8rjCP3SoW09LfRKAXQKt6CoVYl230P6iWdRcBbnLDDdnqWxZSCA==",
      "requires": {
        "regenerator-runtime": "^0.13.4"
      }
    },
    "@videojs/http-streaming": {
      "version": "2.2.3",
      "resolved": "https://registry.npmjs.org/@videojs/http-streaming/-/http-streaming-2.2.3.tgz",
      "integrity": "sha512-8yntV1N5aGeN7ZEx2pyPu0ONcu9U9nyRoGn8JQFQl/lGs18IxWbo7Vnt/Y8PSZczD44ab/h2HkOZo5tWT/qqHg==",
      "requires": {
        "@babel/runtime": "^7.5.5",
        "@videojs/vhs-utils": "^2.2.1",
        "aes-decrypter": "3.0.2",
        "global": "^4.3.2",
        "m3u8-parser": "4.4.3",
        "mpd-parser": "0.12.0",
        "mux.js": "5.6.7",
        "video.js": "^6 || ^7"
      }
    },
    "@videojs/vhs-utils": {
      "version": "2.2.1",
      "resolved": "https://registry.npmjs.org/@videojs/vhs-utils/-/vhs-utils-2.2.1.tgz",
      "integrity": "sha512-9Qbwx3LAdkG1jh2HKfninjXDxVZCeaoPcmct/bUcDRmLej68Z9XhLe5d2a9fy1qB+UuQwWg7YySASesWavYNjQ==",
      "requires": {
        "@babel/runtime": "^7.5.5",
        "global": "^4.3.2",
        "url-toolkit": "^2.1.6"
      }
    },
    "@videojs/xhr": {
      "version": "2.5.1",
      "resolved": "https://registry.npmjs.org/@videojs/xhr/-/xhr-2.5.1.tgz",
      "integrity": "sha512-wV9nGESHseSK+S9ePEru2+OJZ1jq/ZbbzniGQ4weAmTIepuBMSYPx5zrxxQA0E786T5ykpO8ts+LayV+3/oI2w==",
      "requires": {
        "@babel/runtime": "^7.5.5",
        "global": "~4.4.0",
        "is-function": "^1.0.1"
      },
      "dependencies": {
        "global": {
          "version": "4.4.0",
          "resolved": "https://registry.npmjs.org/global/-/global-4.4.0.tgz",
          "integrity": "sha512-wv/LAoHdRE3BeTGz53FAamhGlPLhlssK45usmGFThIi4XqnBmjKQ16u+RNbP7WvigRZDxUsM0J3gcQ5yicaL0w==",
          "requires": {
            "min-document": "^2.19.0",
            "process": "^0.11.10"
          }
        },
        "process": {
          "version": "0.11.10",
          "resolved": "https://registry.npmjs.org/process/-/process-0.11.10.tgz",
          "integrity": "sha1-czIwDoQBYb2j5podHZGn1LwW8YI="
        }
      }
    },
    "aes-decrypter": {
      "version": "3.0.2",
      "resolved": "https://registry.npmjs.org/aes-decrypter/-/aes-decrypter-3.0.2.tgz",
      "integrity": "sha512-SBAfPQpGTbHbAR6qSybPjMio+MYuZwdD/a/ltOq6hj53vK94dphAm88rR3FNaZyEa/x3SobYmdT5f46qUwroLQ==",
      "requires": {
        "@babel/runtime": "^7.5.5",
        "@videojs/vhs-utils": "^1.0.0",
        "global": "^4.3.2",
        "pkcs7": "^1.0.4"
      },
      "dependencies": {
        "@videojs/vhs-utils": {
          "version": "1.3.0",
          "resolved": "https://registry.npmjs.org/@videojs/vhs-utils/-/vhs-utils-1.3.0.tgz",
          "integrity": "sha512-oiqXDtHQqDPun7JseWkirUHGrgdYdeF12goUut5z7vwAj4DmUufEPFJ4xK5hYGXGFDyDhk2rSFOR122Ze6qXyQ==",
          "requires": {
            "@babel/runtime": "^7.5.5",
            "global": "^4.3.2",
            "url-toolkit": "^2.1.6"
          }
        }
      }
    },
    "chainsaw": {
      "version": "0.0.9",
      "resolved": "https://registry.npmjs.org/chainsaw/-/chainsaw-0.0.9.tgz",
      "integrity": "sha1-EaBRAtHEx4W20EFdM21aOhYSkT4=",
      "requires": {
        "traverse": ">=0.3.0 <0.4"
      }
    },
    "dom-walk": {
      "version": "0.1.2",
      "resolved": "https://registry.npmjs.org/dom-walk/-/dom-walk-0.1.2.tgz",
      "integrity": "sha512-6QvTW9mrGeIegrFXdtQi9pk7O/nSK6lSdXW2eqUspN5LWD7UTji2Fqw5V2YLjBpHEoU9Xl/eUWNpDeZvoyOv2w=="
    },
    "estree-walker": {
      "version": "0.6.1",
      "resolved": "https://registry.npmjs.org/estree-walker/-/estree-walker-0.6.1.tgz",
      "integrity": "sha512-SqmZANLWS0mnatqbSfRP5g8OXZC12Fgg1IwNtLsyHDzJizORW4khDfjPqJZsemPWBB2uqykUah5YpQ6epsqC/w=="
    },
    "global": {
      "version": "4.3.2",
      "resolved": "https://registry.npmjs.org/global/-/global-4.3.2.tgz",
      "integrity": "sha1-52mJJopsdMOJCLEwWxD8DjlOnQ8=",
      "requires": {
        "min-document": "^2.19.0",
        "process": "~0.5.1"
      }
    },
    "hashish": {
      "version": "0.0.4",
      "resolved": "https://registry.npmjs.org/hashish/-/hashish-0.0.4.tgz",
      "integrity": "sha1-bWC8b/r3Ebav1g5CbQd5iAFOZVQ=",
      "requires": {
        "traverse": ">=0.2.4"
      }
    },
    "individual": {
      "version": "2.0.0",
      "resolved": "https://registry.npmjs.org/individual/-/individual-2.0.0.tgz",
      "integrity": "sha1-gzsJfa0jKU52EXqY+zjg2a1hu5c="
    },
    "is-function": {
      "version": "1.0.2",
      "resolved": "https://registry.npmjs.org/is-function/-/is-function-1.0.2.tgz",
      "integrity": "sha512-lw7DUp0aWXYg+CBCN+JKkcE0Q2RayZnSvnZBlwgxHBQhqt5pZNVy4Ri7H9GmmXkdu7LUthszM+Tor1u/2iBcpQ=="
    },
    "keycode": {
      "version": "2.2.0",
      "resolved": "https://registry.npmjs.org/keycode/-/keycode-2.2.0.tgz",
      "integrity": "sha1-PQr1bce4uOXLqNCpfxByBO7CKwQ="
    },
    "m3u8-parser": {
      "version": "4.4.3",
      "resolved": "https://registry.npmjs.org/m3u8-parser/-/m3u8-parser-4.4.3.tgz",
      "integrity": "sha512-o6Z2I0lVeL95gE3BHPB5mSACAA6PTubYCFKlbdQmGNH+Ij0A0oEW8N4V5kqTPgYVnuLcb5UdqNiP7V+xEORhYA==",
      "requires": {
        "@babel/runtime": "^7.5.5",
        "@videojs/vhs-utils": "^1.1.0",
        "global": "^4.3.2"
      },
      "dependencies": {
        "@videojs/vhs-utils": {
          "version": "1.3.0",
          "resolved": "https://registry.npmjs.org/@videojs/vhs-utils/-/vhs-utils-1.3.0.tgz",
          "integrity": "sha512-oiqXDtHQqDPun7JseWkirUHGrgdYdeF12goUut5z7vwAj4DmUufEPFJ4xK5hYGXGFDyDhk2rSFOR122Ze6qXyQ==",
          "requires": {
            "@babel/runtime": "^7.5.5",
            "global": "^4.3.2",
            "url-toolkit": "^2.1.6"
          }
        }
      }
    },
    "magic-string": {
      "version": "0.25.7",
      "resolved": "https://registry.npmjs.org/magic-string/-/magic-string-0.25.7.tgz",
      "integrity": "sha512-4CrMT5DOHTDk4HYDlzmwu4FVCcIYI8gauveasrdCu2IKIFOJ3f0v/8MDGJCDL9oD2ppz/Av1b0Nj345H9M+XIA==",
      "requires": {
        "sourcemap-codec": "^1.4.4"
      }
    },
    "min-document": {
      "version": "2.19.0",
      "resolved": "https://registry.npmjs.org/min-document/-/min-document-2.19.0.tgz",
      "integrity": "sha1-e9KC4/WELtKVu3SM3Z8f+iyCRoU=",
      "requires": {
        "dom-walk": "^0.1.0"
      }
    },
    "mpd-parser": {
      "version": "0.12.0",
      "resolved": "https://registry.npmjs.org/mpd-parser/-/mpd-parser-0.12.0.tgz",
      "integrity": "sha512-Ov5Oz9bw5X/G8V/6PlO+rHuqKywYYjQ6USyv8fqFMs413HkrzlpDjgUKSBD7C+/J19ID5mWtxzrpMf4Yp++iZg==",
      "requires": {
        "@babel/runtime": "^7.5.5",
        "@videojs/vhs-utils": "^1.1.0",
        "global": "^4.3.2",
        "xmldom": "^0.1.27"
      },
      "dependencies": {
        "@videojs/vhs-utils": {
          "version": "1.3.0",
          "resolved": "https://registry.npmjs.org/@videojs/vhs-utils/-/vhs-utils-1.3.0.tgz",
          "integrity": "sha512-oiqXDtHQqDPun7JseWkirUHGrgdYdeF12goUut5z7vwAj4DmUufEPFJ4xK5hYGXGFDyDhk2rSFOR122Ze6qXyQ==",
          "requires": {
            "@babel/runtime": "^7.5.5",
            "global": "^4.3.2",
            "url-toolkit": "^2.1.6"
          }
        }
      }
    },
    "mux.js": {
      "version": "5.6.7",
      "resolved": "https://registry.npmjs.org/mux.js/-/mux.js-5.6.7.tgz",
      "integrity": "sha512-YSr6B8MUgE4S18MptbY2XM+JKGbw9JDkgs7YkuE/T2fpDKjOhZfb/nD6vmsVxvLYOExWNaQn1UGBp6PGsnTtew=="
    },
    "pkcs7": {
      "version": "1.0.4",
      "resolved": "https://registry.npmjs.org/pkcs7/-/pkcs7-1.0.4.tgz",
      "integrity": "sha512-afRERtHn54AlwaF2/+LFszyAANTCggGilmcmILUzEjvs3XgFZT+xE6+QWQcAGmu4xajy+Xtj7acLOPdx5/eXWQ==",
      "requires": {
        "@babel/runtime": "^7.5.5"
      }
    },
    "process": {
      "version": "0.5.2",
      "resolved": "https://registry.npmjs.org/process/-/process-0.5.2.tgz",
      "integrity": "sha1-FjjYqONML0QKkduVq5rrZ3/Bhc8="
    },
    "regenerator-runtime": {
      "version": "0.13.7",
      "resolved": "https://registry.npmjs.org/regenerator-runtime/-/regenerator-runtime-0.13.7.tgz",
      "integrity": "sha512-a54FxoJDIr27pgf7IgeQGxmqUNYrcV338lf/6gH456HZ/PhX+5BcwHXG9ajESmwe6WRO0tAzRUrRmNONWgkrew=="
    },
    "remove": {
      "version": "0.1.5",
      "resolved": "https://registry.npmjs.org/remove/-/remove-0.1.5.tgz",
      "integrity": "sha1-CV/9gn1lyfQa2X0z5BanWBEHmVU=",
      "requires": {
        "seq": ">= 0.3.5"
      }
    },
    "rollup-plugin-replace": {
      "version": "2.2.0",
      "resolved": "https://registry.npmjs.org/rollup-plugin-replace/-/rollup-plugin-replace-2.2.0.tgz",
      "integrity": "sha512-/5bxtUPkDHyBJAKketb4NfaeZjL5yLZdeUihSfbF2PQMz+rSTEb8ARKoOl3UBT4m7/X+QOXJo3sLTcq+yMMYTA==",
      "requires": {
        "magic-string": "^0.25.2",
        "rollup-pluginutils": "^2.6.0"
      }
    },
    "rollup-pluginutils": {
      "version": "2.8.2",
      "resolved": "https://registry.npmjs.org/rollup-pluginutils/-/rollup-pluginutils-2.8.2.tgz",
      "integrity": "sha512-EEp9NhnUkwY8aif6bxgovPHMoMoNr2FulJziTndpt5H9RdwC47GSGuII9XxpSdzVGM0GWrNPHV6ie1LTNJPaLQ==",
      "requires": {
        "estree-walker": "^0.6.1"
      }
    },
    "rust-result": {
      "version": "1.0.0",
      "resolved": "https://registry.npmjs.org/rust-result/-/rust-result-1.0.0.tgz",
      "integrity": "sha1-NMdbLm3Dn+WHXlveyFteD5FTb3I=",
      "requires": {
        "individual": "^2.0.0"
      }
    },
    "safe-json-parse": {
      "version": "4.0.0",
      "resolved": "https://registry.npmjs.org/safe-json-parse/-/safe-json-parse-4.0.0.tgz",
      "integrity": "sha1-fA9XjPzNEtM6ccDgVBPi7KFx6qw=",
      "requires": {
        "rust-result": "^1.0.0"
      }
    },
    "seq": {
      "version": "0.3.5",
      "resolved": "https://registry.npmjs.org/seq/-/seq-0.3.5.tgz",
      "integrity": "sha1-rgKvOkJHk9jMvyEtaRdODFTf/jg=",
      "requires": {
        "chainsaw": ">=0.0.7 <0.1",
        "hashish": ">=0.0.2 <0.1"
      }
    },
    "sourcemap-codec": {
      "version": "1.4.8",
      "resolved": "https://registry.npmjs.org/sourcemap-codec/-/sourcemap-codec-1.4.8.tgz",
      "integrity": "sha512-9NykojV5Uih4lgo5So5dtw+f0JgJX30KCNI8gwhz2J9A15wD0Ml6tjHKwf6fTSa6fAdVBdZeNOs9eJ71qCk8vA=="
    },
    "traverse": {
      "version": "0.3.9",
      "resolved": "https://registry.npmjs.org/traverse/-/traverse-0.3.9.tgz",
      "integrity": "sha1-cXuPIgzAu3tE5AUUwisui7xw2Lk="
    },
    "url-toolkit": {
      "version": "2.2.1",
      "resolved": "https://registry.npmjs.org/url-toolkit/-/url-toolkit-2.2.1.tgz",
      "integrity": "sha512-8+DzgrtDZYZGhHaAop5WGVghMdCfOLGbhcArsJD0qDll71FXa7EeKxi2hilPIscn2nwMz4PRjML32Sz4JTN0Xw=="
    },
    "video.js": {
      "version": "7.11.8",
      "resolved": "https://registry.npmjs.org/video.js/-/video.js-7.11.8.tgz",
      "integrity": "sha512-iQmNYB+pdgu8b45Za1AKSa5J7uDyHIqfJy+picw4voKfjErXK/BEvs+A3f99Ck7SCZU4cmMmX/s17AwaaNs+1w==",
      "requires": {
        "@babel/runtime": "^7.9.2",
        "@videojs/http-streaming": "2.6.4",
        "@videojs/xhr": "2.5.1",
        "global": "4.3.2",
        "keycode": "^2.2.0",
        "remove": "^0.1.5",
        "rollup-plugin-replace": "^2.2.0",
        "safe-json-parse": "4.0.0",
        "videojs-font": "3.2.0",
        "videojs-vtt.js": "^0.15.2"
      },
      "dependencies": {
        "@videojs/http-streaming": {
          "version": "2.6.4",
          "resolved": "https://registry.npmjs.org/@videojs/http-streaming/-/http-streaming-2.6.4.tgz",
          "integrity": "sha512-sFVE0MVXhawAkET8EgiUSMvDDv6u3uGidtO0BvNXG0/qKWlze/zEzhvLsyPU4HmLFRnffKeHK5RE2XpO5vHY8Q==",
          "requires": {
            "@babel/runtime": "^7.12.5",
            "@videojs/vhs-utils": "^3.0.0",
            "aes-decrypter": "3.1.2",
            "global": "^4.4.0",
            "m3u8-parser": "4.5.2",
            "mpd-parser": "0.15.4",
            "mux.js": "5.10.0",
            "video.js": "^6 || ^7"
          },
          "dependencies": {
            "@babel/runtime": {
              "version": "7.14.0",
              "resolved": "https://registry.npmjs.org/@babel/runtime/-/runtime-7.14.0.tgz",
              "integrity": "sha512-JELkvo/DlpNdJ7dlyw/eY7E0suy5i5GQH+Vlxaq1nsNJ+H7f4Vtv3jMeCEgRhZZQFXTjldYfQgv2qmM6M1v5wA==",
              "requires": {
                "regenerator-runtime": "^0.13.4"
              }
            },
            "global": {
              "version": "4.4.0",
              "resolved": "https://registry.npmjs.org/global/-/global-4.4.0.tgz",
              "integrity": "sha512-wv/LAoHdRE3BeTGz53FAamhGlPLhlssK45usmGFThIi4XqnBmjKQ16u+RNbP7WvigRZDxUsM0J3gcQ5yicaL0w==",
              "requires": {
                "min-document": "^2.19.0",
                "process": "^0.11.10"
              }
            }
          }
        },
        "@videojs/vhs-utils": {
          "version": "3.0.2",
          "resolved": "https://registry.npmjs.org/@videojs/vhs-utils/-/vhs-utils-3.0.2.tgz",
          "integrity": "sha512-r8Yas1/tNGsGRNoIaDJuiWiQgM0P2yaEnobgzw5JcBiEqxnS8EXoUm4QtKH7nJtnppZ1yqBx1agBZCvBMKXA2w==",
          "requires": {
            "@babel/runtime": "^7.12.5",
            "global": "^4.4.0",
            "url-toolkit": "^2.2.1"
          },
          "dependencies": {
            "@babel/runtime": {
              "version": "7.14.0",
              "resolved": "https://registry.npmjs.org/@babel/runtime/-/runtime-7.14.0.tgz",
              "integrity": "sha512-JELkvo/DlpNdJ7dlyw/eY7E0suy5i5GQH+Vlxaq1nsNJ+H7f4Vtv3jMeCEgRhZZQFXTjldYfQgv2qmM6M1v5wA==",
              "requires": {
                "regenerator-runtime": "^0.13.4"
              }
            },
            "global": {
              "version": "4.4.0",
              "resolved": "https://registry.npmjs.org/global/-/global-4.4.0.tgz",
              "integrity": "sha512-wv/LAoHdRE3BeTGz53FAamhGlPLhlssK45usmGFThIi4XqnBmjKQ16u+RNbP7WvigRZDxUsM0J3gcQ5yicaL0w==",
              "requires": {
                "min-document": "^2.19.0",
                "process": "^0.11.10"
              }
            }
          }
        },
        "aes-decrypter": {
          "version": "3.1.2",
          "resolved": "https://registry.npmjs.org/aes-decrypter/-/aes-decrypter-3.1.2.tgz",
          "integrity": "sha512-42nRwfQuPRj9R1zqZBdoxnaAmnIFyDi0MNyTVhjdFOd8fifXKKRfwIHIZ6AMn1or4x5WONzjwRTbTWcsIQ0O4A==",
          "requires": {
            "@babel/runtime": "^7.12.5",
            "@videojs/vhs-utils": "^3.0.0",
            "global": "^4.4.0",
            "pkcs7": "^1.0.4"
          },
          "dependencies": {
            "@babel/runtime": {
              "version": "7.14.0",
              "resolved": "https://registry.npmjs.org/@babel/runtime/-/runtime-7.14.0.tgz",
              "integrity": "sha512-JELkvo/DlpNdJ7dlyw/eY7E0suy5i5GQH+Vlxaq1nsNJ+H7f4Vtv3jMeCEgRhZZQFXTjldYfQgv2qmM6M1v5wA==",
              "requires": {
                "regenerator-runtime": "^0.13.4"
              }
            },
            "global": {
              "version": "4.4.0",
              "resolved": "https://registry.npmjs.org/global/-/global-4.4.0.tgz",
              "integrity": "sha512-wv/LAoHdRE3BeTGz53FAamhGlPLhlssK45usmGFThIi4XqnBmjKQ16u+RNbP7WvigRZDxUsM0J3gcQ5yicaL0w==",
              "requires": {
                "min-document": "^2.19.0",
                "process": "^0.11.10"
              }
            }
          }
        },
        "m3u8-parser": {
          "version": "4.5.2",
          "resolved": "https://registry.npmjs.org/m3u8-parser/-/m3u8-parser-4.5.2.tgz",
          "integrity": "sha512-sN/lu3TiRxmG2RFjZxo5c0/7Dr4RrEztl43jXrWwj5gFZ7vfa2iIxGfiPx485dm5QCazaIcKk+vNkUso8Aq0Ag==",
          "requires": {
            "@babel/runtime": "^7.12.5",
            "@videojs/vhs-utils": "^3.0.0",
            "global": "^4.4.0"
          },
          "dependencies": {
            "@babel/runtime": {
              "version": "7.14.0",
              "resolved": "https://registry.npmjs.org/@babel/runtime/-/runtime-7.14.0.tgz",
              "integrity": "sha512-JELkvo/DlpNdJ7dlyw/eY7E0suy5i5GQH+Vlxaq1nsNJ+H7f4Vtv3jMeCEgRhZZQFXTjldYfQgv2qmM6M1v5wA==",
              "requires": {
                "regenerator-runtime": "^0.13.4"
              }
            },
            "global": {
              "version": "4.4.0",
              "resolved": "https://registry.npmjs.org/global/-/global-4.4.0.tgz",
              "integrity": "sha512-wv/LAoHdRE3BeTGz53FAamhGlPLhlssK45usmGFThIi4XqnBmjKQ16u+RNbP7WvigRZDxUsM0J3gcQ5yicaL0w==",
              "requires": {
                "min-document": "^2.19.0",
                "process": "^0.11.10"
              }
            }
          }
        },
        "mpd-parser": {
          "version": "0.15.4",
          "resolved": "https://registry.npmjs.org/mpd-parser/-/mpd-parser-0.15.4.tgz",
          "integrity": "sha512-YcOclxKc5gnT87UQYwRoPJpWOFvQORwN+bXYmTWCJ4U2pCSS7jjtPrIhoOLHFAyekj48CHTX4hjGBV/VSNsUsg==",
          "requires": {
            "@babel/runtime": "^7.12.5",
            "@videojs/vhs-utils": "^3.0.0",
            "global": "^4.4.0",
            "xmldom": "^0.4.0"
          },
          "dependencies": {
            "@babel/runtime": {
              "version": "7.14.0",
              "resolved": "https://registry.npmjs.org/@babel/runtime/-/runtime-7.14.0.tgz",
              "integrity": "sha512-JELkvo/DlpNdJ7dlyw/eY7E0suy5i5GQH+Vlxaq1nsNJ+H7f4Vtv3jMeCEgRhZZQFXTjldYfQgv2qmM6M1v5wA==",
              "requires": {
                "regenerator-runtime": "^0.13.4"
              }
            },
            "global": {
              "version": "4.4.0",
              "resolved": "https://registry.npmjs.org/global/-/global-4.4.0.tgz",
              "integrity": "sha512-wv/LAoHdRE3BeTGz53FAamhGlPLhlssK45usmGFThIi4XqnBmjKQ16u+RNbP7WvigRZDxUsM0J3gcQ5yicaL0w==",
              "requires": {
                "min-document": "^2.19.0",
                "process": "^0.11.10"
              }
            }
          }
        },
        "mux.js": {
          "version": "5.10.0",
          "resolved": "https://registry.npmjs.org/mux.js/-/mux.js-5.10.0.tgz",
          "integrity": "sha512-kLzvYsHYBwNa+ckkmpxWV3eImwntJbrwd1KbN4WR0hLe+dK/KB82aCuC0fQzAI2hkjYszdlSGsAWFgYdiFBUuA==",
          "requires": {
            "@babel/runtime": "^7.11.2"
          }
        },
        "process": {
          "version": "0.11.10",
          "resolved": "https://registry.npmjs.org/process/-/process-0.11.10.tgz",
          "integrity": "sha1-czIwDoQBYb2j5podHZGn1LwW8YI="
        },
        "xmldom": {
          "version": "0.4.0",
          "resolved": "https://registry.npmjs.org/xmldom/-/xmldom-0.4.0.tgz",
          "integrity": "sha512-2E93k08T30Ugs+34HBSTQLVtpi6mCddaY8uO+pMNk1pqSjV5vElzn4mmh6KLxN3hki8rNcHSYzILoh3TEWORvA=="
        }
      }
    },
    "videojs-contrib-quality-levels": {
      "version": "2.0.9",
      "resolved": "https://registry.npmjs.org/videojs-contrib-quality-levels/-/videojs-contrib-quality-levels-2.0.9.tgz",
      "integrity": "sha512-HJeaJJQdSufi9Y5T7jlyyhkeq+mWPCog86q6ypoTi66boBMMJTo2abiOSHS9KaOGAJjH72gfvrjVY5FRdjlxYA==",
      "requires": {
        "global": "^4.3.2",
        "video.js": "^6 || ^7"
      }
    },
    "videojs-font": {
      "version": "3.2.0",
      "resolved": "https://registry.npmjs.org/videojs-font/-/videojs-font-3.2.0.tgz",
      "integrity": "sha512-g8vHMKK2/JGorSfqAZQUmYYNnXmfec4MLhwtEFS+mMs2IDY398GLysy6BH6K+aS1KMNu/xWZ8Sue/X/mdQPliA=="
    },
    "videojs-http-source-selector": {
      "version": "1.1.6",
      "resolved": "https://registry.npmjs.org/videojs-http-source-selector/-/videojs-http-source-selector-1.1.6.tgz",
      "integrity": "sha512-6b5MmKTT2cVnrjtdNj4z1VO91udbXkZkTYA6LlD8WN2aHlG2rqFTmtMab4NK4nlkkkbRnm3c2q2IddL3jffLmg==",
      "requires": {
        "global": "^4.3.2",
        "video.js": "^7.0.0",
        "videojs-contrib-quality-levels": "^2.0.4"
      }
    },
    "videojs-vtt.js": {
      "version": "0.15.2",
      "resolved": "https://registry.npmjs.org/videojs-vtt.js/-/videojs-vtt.js-0.15.2.tgz",
      "integrity": "sha512-kEo4hNMvu+6KhPvVYPKwESruwhHC3oFis133LwhXHO9U7nRnx0RiJYMiqbgwjgazDEXHR6t8oGJiHM6wq5XlAw==",
      "requires": {
        "global": "^4.3.1"
      }
    },
    "xmldom": {
      "version": "0.1.31",
      "resolved": "https://registry.npmjs.org/xmldom/-/xmldom-0.1.31.tgz",
      "integrity": "sha512-yS2uJflVQs6n+CyjHoaBmVSqIDevTAWrzMmjG1Gc7h1qQ7uVozNhEPJAwZXWyGQ/Gafo3fCwrcaokezLPupVyQ=="
    }
  }
}
